{
  "nodes": {
    "home-manager": {
      "inputs": {
        "nixpkgs": [
          "nixpkgs"
        ]
      },
      "locked": {
        "lastModified": 1758085625,
        "narHash": "sha256-D0KVKNgWSDVjYFgPLEtSQvSKchTBT0YqSbNlH7OQ+bo=",
        "owner": "nix-community",
        "repo": "home-manager",
        "rev": "fb928abb67bd4df99040721ed48c3b42e24b1d08",
        "type": "github"
      },
      "original": {
        "owner": "nix-community",
        "repo": "home-manager",
        "type": "github"
      }
    },
    "nixpkgs": {
      "locked": {
        "lastModified": 1757745802,
        "narHash": "sha256-hLEO2TPj55KcUFUU1vgtHE9UEIOjRcH/4QbmfHNF820=",
        "owner": "nixos",
        "repo": "nixpkgs",
        "rev": "c23193b943c6c689d70ee98ce3128239ed9e32d1",
        "type": "github"
      },
      "original": {
        "owner": "nixos",
        "ref": "nixos-unstable",
        "repo": "nixpkgs",
        "type": "github"
      }
    },
    "quickshell": {
      "inputs": {
        "nixpkgs": [
          "nixpkgs"
        ]
      },
      "locked": {
        "lastModified": 1758006913,
        "narHash": "sha256-lU00BAdiKAhm96M6o0AzBdZY6+bBSfB2a0zm4xJYl/U=",
        "ref": "refs/heads/master",
        "rev": "49646e4407fce5925920b178872ddd9f8e495218",
        "revCount": 673,
        "type": "git",
        "url": "https://git.outfoxxed.me/outfoxxed/quickshell"
      },
      "original": {
        "type": "git",
        "url": "https://git.outfoxxed.me/outfoxxed/quickshell"
      }
    },
    "root": {
      "inputs": {
        "home-manager": "home-manager",
        "nixpkgs": "nixpkgs",
        "quickshell": "quickshell",
        "silentSDDM": "silentSDDM"
      }
    },
    "silentSDDM": {
      "inputs": {
        "nixpkgs": [
          "nixpkgs"
        ]
      },
      "locked": {
        "lastModified": 1756614994,
        "narHash": "sha256-R0rvblJstTgwKxNqJQJaXN9fgksXFjPH5BYVMXdLsbU=",
        "owner": "uiriansan",
        "repo": "SilentSDDM",
        "rev": "44c39db1c38ce0ab94025e656aec67fa4beedc24",
        "type": "github"
      },
      "original": {
        "owner": "uiriansan",
        "repo": "SilentSDDM",
        "type": "github"
      }
    }
  },
  "root": "root",
  "version": 7
}
